
Microsoft Visual Studio Solution File, Format Version 12.00
# Visual Studio Version 16
VisualStudioVersion = 16.0.30717.126
MinimumVisualStudioVersion = 10.0.40219.1
Project("{FAE04EC0-301F-11D3-BF4B-00C04F79EFBC}") = "GiftManagerWebApp", "GiftManagerWebApp\GiftManagerWebApp.csproj", "{F586A8EA-B0CC-467C-923B-1CBCFB90AD0F}"
EndProject
Global
	GlobalSection(SolutionConfigurationPlatforms) = preSolution
		Debug|Any CPU = Debug|Any CPU
		Release|Any CPU = Release|Any CPU
	EndGlobalSection
	GlobalSection(ProjectConfigurationPlatforms) = postSolution
		{F586A8EA-B0CC-467C-923B-1CBCFB90AD0F}.Debug|Any CPU.ActiveCfg = Debug|Any CPU
		{F586A8EA-B0CC-467C-923B-1CBCFB90AD0F}.Debug|Any CPU.Build.0 = Debug|Any CPU
		{F586A8EA-B0CC-467C-923B-1CBCFB90AD0F}.Release|Any CPU.ActiveCfg = Release|Any CPU
		{F586A8EA-B0CC-467C-923B-1CBCFB90AD0F}.Release|Any CPU.Build.0 = Release|Any CPU
	EndGlobalSection
	GlobalSection(SolutionProperties) = preSolution
		HideSolutionNode = FALSE
	EndGlobalSection
	GlobalSection(ExtensibilityGlobals) = postSolution
		SolutionGuid = {B2F8D191-F237-42CE-AD03-FF4F24D2C192}
	EndGlobalSection
EndGlobal
